
Microsoft Visual Studio Solution File, Format Version 12.00
# Visual Studio Version 17
VisualStudioVersion = 17.0.31903.59
MinimumVisualStudioVersion = 10.0.40219.1
Project("{FAE04EC0-301F-11D3-BF4B-00C04F79EFBC}") = "API", "API\API.csproj", "{106A0CF1-D1F4-4CD7-8298-3D0E0F75E01E}"
EndProject
Project("{FAE04EC0-301F-11D3-BF4B-00C04F79EFBC}") = "Core", "Core\Core.csproj", "{A4720A5F-F55E-441C-B928-70747014BEA6}"
EndProject
Project("{FAE04EC0-301F-11D3-BF4B-00C04F79EFBC}") = "Infrastructure", "Infrastructure\Infrastructure.csproj", "{F24EDD6B-FE91-45D6-86CB-264A799686DF}"
EndProject
Global
	GlobalSection(SolutionConfigurationPlatforms) = preSolution
		Debug|Any CPU = Debug|Any CPU
		Release|Any CPU = Release|Any CPU
	EndGlobalSection
	GlobalSection(SolutionProperties) = preSolution
		HideSolutionNode = FALSE
	EndGlobalSection
	GlobalSection(ProjectConfigurationPlatforms) = postSolution
		{106A0CF1-D1F4-4CD7-8298-3D0E0F75E01E}.Debug|Any CPU.ActiveCfg = Debug|Any CPU
		{106A0CF1-D1F4-4CD7-8298-3D0E0F75E01E}.Debug|Any CPU.Build.0 = Debug|Any CPU
		{106A0CF1-D1F4-4CD7-8298-3D0E0F75E01E}.Release|Any CPU.ActiveCfg = Release|Any CPU
		{106A0CF1-D1F4-4CD7-8298-3D0E0F75E01E}.Release|Any CPU.Build.0 = Release|Any CPU
		{A4720A5F-F55E-441C-B928-70747014BEA6}.Debug|Any CPU.ActiveCfg = Debug|Any CPU
		{A4720A5F-F55E-441C-B928-70747014BEA6}.Debug|Any CPU.Build.0 = Debug|Any CPU
		{A4720A5F-F55E-441C-B928-70747014BEA6}.Release|Any CPU.ActiveCfg = Release|Any CPU
		{A4720A5F-F55E-441C-B928-70747014BEA6}.Release|Any CPU.Build.0 = Release|Any CPU
		{F24EDD6B-FE91-45D6-86CB-264A799686DF}.Debug|Any CPU.ActiveCfg = Debug|Any CPU
		{F24EDD6B-FE91-45D6-86CB-264A799686DF}.Debug|Any CPU.Build.0 = Debug|Any CPU
		{F24EDD6B-FE91-45D6-86CB-264A799686DF}.Release|Any CPU.ActiveCfg = Release|Any CPU
		{F24EDD6B-FE91-45D6-86CB-264A799686DF}.Release|Any CPU.Build.0 = Release|Any CPU
	EndGlobalSection
EndGlobal
